
Microsoft Visual Studio Solution File, Format Version 12.00
# Visual Studio Version 17
VisualStudioVersion = 17.13.35919.96 d17.13
MinimumVisualStudioVersion = 10.0.40219.1
Project("{FAE04EC0-301F-11D3-BF4B-00C04F79EFBC}") = "aha", "aha\aha.csproj", "{6A1D4C13-9A02-45B8-B97E-605406B57ABC}"
EndProject
Global
	GlobalSection(SolutionConfigurationPlatforms) = preSolution
		Debug|Any CPU = Debug|Any CPU
		Release|Any CPU = Release|Any CPU
	EndGlobalSection
	GlobalSection(ProjectConfigurationPlatforms) = postSolution
		{6A1D4C13-9A02-45B8-B97E-605406B57ABC}.Debug|Any CPU.ActiveCfg = Debug|Any CPU
		{6A1D4C13-9A02-45B8-B97E-605406B57ABC}.Debug|Any CPU.Build.0 = Debug|Any CPU
		{6A1D4C13-9A02-45B8-B97E-605406B57ABC}.Release|Any CPU.ActiveCfg = Release|Any CPU
		{6A1D4C13-9A02-45B8-B97E-605406B57ABC}.Release|Any CPU.Build.0 = Release|Any CPU
	EndGlobalSection
	GlobalSection(SolutionProperties) = preSolution
		HideSolutionNode = FALSE
	EndGlobalSection
	GlobalSection(ExtensibilityGlobals) = postSolution
		SolutionGuid = {7CE9EBC0-4D07-46C2-99FE-EF841D7DF6A1}
	EndGlobalSection
EndGlobal
